
Microsoft Visual Studio Solution File, Format Version 12.00
# Visual Studio Version 16
VisualStudioVersion = 16.0.29519.87
MinimumVisualStudioVersion = 10.0.40219.1
Project("{9A19103F-16F7-4668-BE54-9A1E7A4F7556}") = "magic.lambda.mail", "magic.lambda.mail\magic.lambda.mail.csproj", "{F39AF5D5-2B92-44BA-86EF-B21428A9D4B5}"
EndProject
Project("{9A19103F-16F7-4668-BE54-9A1E7A4F7556}") = "magic.lambda.mail.tests", "magic.lambda.mail.tests\magic.lambda.mail.tests.csproj", "{4866B090-50BB-43CC-843A-CE50D5AD22A6}"
EndProject
Global
	GlobalSection(SolutionConfigurationPlatforms) = preSolution
		Debug|Any CPU = Debug|Any CPU
		Release|Any CPU = Release|Any CPU
	EndGlobalSection
	GlobalSection(ProjectConfigurationPlatforms) = postSolution
		{F39AF5D5-2B92-44BA-86EF-B21428A9D4B5}.Debug|Any CPU.ActiveCfg = Debug|Any CPU
		{F39AF5D5-2B92-44BA-86EF-B21428A9D4B5}.Debug|Any CPU.Build.0 = Debug|Any CPU
		{F39AF5D5-2B92-44BA-86EF-B21428A9D4B5}.Release|Any CPU.ActiveCfg = Release|Any CPU
		{F39AF5D5-2B92-44BA-86EF-B21428A9D4B5}.Release|Any CPU.Build.0 = Release|Any CPU
		{4866B090-50BB-43CC-843A-CE50D5AD22A6}.Debug|Any CPU.ActiveCfg = Debug|Any CPU
		{4866B090-50BB-43CC-843A-CE50D5AD22A6}.Debug|Any CPU.Build.0 = Debug|Any CPU
		{4866B090-50BB-43CC-843A-CE50D5AD22A6}.Release|Any CPU.ActiveCfg = Release|Any CPU
		{4866B090-50BB-43CC-843A-CE50D5AD22A6}.Release|Any CPU.Build.0 = Release|Any CPU
	EndGlobalSection
	GlobalSection(SolutionProperties) = preSolution
		HideSolutionNode = FALSE
	EndGlobalSection
	GlobalSection(ExtensibilityGlobals) = postSolution
		SolutionGuid = {B66CBE05-AB7B-414F-9F27-5E00A9723C09}
	EndGlobalSection
EndGlobal
